
Microsoft Visual Studio Solution File, Format Version 12.00
# Visual Studio Version 17
VisualStudioVersion = 17.10.35004.147
MinimumVisualStudioVersion = 10.0.40219.1
Project("{9A19103F-16F7-4668-BE54-9A1E7A4F7556}") = "Ninja.Sharp.OpenDb2", ""Ninja.Sharp.OpenDb2\Ninja.Sharp.OpenDb2.csproj", "{D3B5419F-0282-498F-924E-EA058C43A733}"
EndProject
Project("{FAE04EC0-301F-11D3-BF4B-00C04F79EFBC}") = "Ninja.Sharp.OpenDb2.Tests", "Ninja.Sharp.OpenDb2.Tests\Ninja.Sharp.OpenDb2.Tests.csproj", "{B2730C16-3957-4CEA-A8DD-8F1D19C105B9}"
EndProject
Global
	GlobalSection(SolutionConfigurationPlatforms) = preSolution
		Debug|Any CPU = Debug|Any CPU
		Release|Any CPU = Release|Any CPU
	EndGlobalSection
	GlobalSection(ProjectConfigurationPlatforms) = postSolution
		{D3B5419F-0282-498F-924E-EA058C43A733}.Debug|Any CPU.ActiveCfg = Debug|Any CPU
		{D3B5419F-0282-498F-924E-EA058C43A733}.Debug|Any CPU.Build.0 = Debug|Any CPU
		{D3B5419F-0282-498F-924E-EA058C43A733}.Release|Any CPU.ActiveCfg = Release|Any CPU
		{D3B5419F-0282-498F-924E-EA058C43A733}.Release|Any CPU.Build.0 = Release|Any CPU
		{B2730C16-3957-4CEA-A8DD-8F1D19C105B9}.Debug|Any CPU.ActiveCfg = Debug|Any CPU
		{B2730C16-3957-4CEA-A8DD-8F1D19C105B9}.Debug|Any CPU.Build.0 = Debug|Any CPU
		{B2730C16-3957-4CEA-A8DD-8F1D19C105B9}.Release|Any CPU.ActiveCfg = Release|Any CPU
		{B2730C16-3957-4CEA-A8DD-8F1D19C105B9}.Release|Any CPU.Build.0 = Release|Any CPU
	EndGlobalSection
	GlobalSection(SolutionProperties) = preSolution
		HideSolutionNode = FALSE
	EndGlobalSection
	GlobalSection(ExtensibilityGlobals) = postSolution
		SolutionGuid = {E921AC4C-0629-4F6E-B9D3-2872AFBD266D}
	EndGlobalSection
EndGlobal
